
Microsoft Visual Studio Solution File, Format Version 12.00
# Visual Studio Version 16
VisualStudioVersion = 16.0.29709.97
MinimumVisualStudioVersion = 10.0.40219.1
Project("{9092AA53-FB77-4645-B42D-1CCCA6BD08BD}") = "databaseInterface", "databaseInterface.njsproj", "{1A9B3CF2-A51E-4DF5-B57D-460CC38B899A}"
EndProject
Global
	GlobalSection(SolutionConfigurationPlatforms) = preSolution
		Debug|Any CPU = Debug|Any CPU
		Release|Any CPU = Release|Any CPU
	EndGlobalSection
	GlobalSection(ProjectConfigurationPlatforms) = postSolution
		{1A9B3CF2-A51E-4DF5-B57D-460CC38B899A}.Debug|Any CPU.ActiveCfg = Debug|Any CPU
		{1A9B3CF2-A51E-4DF5-B57D-460CC38B899A}.Debug|Any CPU.Build.0 = Debug|Any CPU
		{1A9B3CF2-A51E-4DF5-B57D-460CC38B899A}.Release|Any CPU.ActiveCfg = Release|Any CPU
		{1A9B3CF2-A51E-4DF5-B57D-460CC38B899A}.Release|Any CPU.Build.0 = Release|Any CPU
	EndGlobalSection
	GlobalSection(SolutionProperties) = preSolution
		HideSolutionNode = FALSE
	EndGlobalSection
	GlobalSection(ExtensibilityGlobals) = postSolution
		SolutionGuid = {3D3288DF-D176-4692-9B81-249EF99180F8}
	EndGlobalSection
EndGlobal
